PODS:
  - Alamofire (3.1.5)
  - GhostLoginManager (0.2.0):
    - Alamofire (~> 3.0)

DEPENDENCIES:
  - GhostLoginManager (from `../`)

EXTERNAL SOURCES:
  GhostLoginManager:
    :path: ../

SPEC CHECKSUMS:
  Alamofire: 5f730ba29fd113b7ddd71c1e65d0c630acf5d7b0
  GhostLoginManager: 8a6cad3f88c50e1c76c35e4d81bcf2776a3fdc1c

COCOAPODS: 0.39.0
